
Microsoft Visual Studio Solution File, Format Version 12.00
# Visual Studio Version 17
VisualStudioVersion = 17.0.31903.59
MinimumVisualStudioVersion = 10.0.40219.1
Project("{FAE04EC0-301F-11D3-BF4B-00C04F79EFBC}") = "MeuDiarioSenac.ConsoleApp", "MeuDiarioSenac.ConsoleApp\MeuDiarioSenac.ConsoleApp.csproj", "{E1A125A2-4FAD-40D5-969E-F4B370CAB3EF}"
EndProject
Project("{FAE04EC0-301F-11D3-BF4B-00C04F79EFBC}") = "MeuDiarioSenac.Data", "MeuDiarioSenac.Data\MeuDiarioSenac.Data.csproj", "{B393E2E1-3916-4AD5-A538-58E9AFFA61DD}"
EndProject
Project("{FAE04EC0-301F-11D3-BF4B-00C04F79EFBC}") = "MeuDiarioSenac.Model", "MeuDiarioSenac.Model\MeuDiarioSenac.Model.csproj", "{A6B6F22B-3F9A-4D57-BD55-4C00D1F03E1A}"
EndProject
Global
	GlobalSection(SolutionConfigurationPlatforms) = preSolution
		Debug|Any CPU = Debug|Any CPU
		Debug|x64 = Debug|x64
		Debug|x86 = Debug|x86
		Release|Any CPU = Release|Any CPU
		Release|x64 = Release|x64
		Release|x86 = Release|x86
	EndGlobalSection
	GlobalSection(ProjectConfigurationPlatforms) = postSolution
		{E1A125A2-4FAD-40D5-969E-F4B370CAB3EF}.Debug|Any CPU.ActiveCfg = Debug|Any CPU
		{E1A125A2-4FAD-40D5-969E-F4B370CAB3EF}.Debug|Any CPU.Build.0 = Debug|Any CPU
		{E1A125A2-4FAD-40D5-969E-F4B370CAB3EF}.Debug|x64.ActiveCfg = Debug|Any CPU
		{E1A125A2-4FAD-40D5-969E-F4B370CAB3EF}.Debug|x64.Build.0 = Debug|Any CPU
		{E1A125A2-4FAD-40D5-969E-F4B370CAB3EF}.Debug|x86.ActiveCfg = Debug|Any CPU
		{E1A125A2-4FAD-40D5-969E-F4B370CAB3EF}.Debug|x86.Build.0 = Debug|Any CPU
		{E1A125A2-4FAD-40D5-969E-F4B370CAB3EF}.Release|Any CPU.ActiveCfg = Release|Any CPU
		{E1A125A2-4FAD-40D5-969E-F4B370CAB3EF}.Release|Any CPU.Build.0 = Release|Any CPU
		{E1A125A2-4FAD-40D5-969E-F4B370CAB3EF}.Release|x64.ActiveCfg = Release|Any CPU
		{E1A125A2-4FAD-40D5-969E-F4B370CAB3EF}.Release|x64.Build.0 = Release|Any CPU
		{E1A125A2-4FAD-40D5-969E-F4B370CAB3EF}.Release|x86.ActiveCfg = Release|Any CPU
		{E1A125A2-4FAD-40D5-969E-F4B370CAB3EF}.Release|x86.Build.0 = Release|Any CPU
		{B393E2E1-3916-4AD5-A538-58E9AFFA61DD}.Debug|Any CPU.ActiveCfg = Debug|Any CPU
		{B393E2E1-3916-4AD5-A538-58E9AFFA61DD}.Debug|Any CPU.Build.0 = Debug|Any CPU
		{B393E2E1-3916-4AD5-A538-58E9AFFA61DD}.Debug|x64.ActiveCfg = Debug|Any CPU
		{B393E2E1-3916-4AD5-A538-58E9AFFA61DD}.Debug|x64.Build.0 = Debug|Any CPU
		{B393E2E1-3916-4AD5-A538-58E9AFFA61DD}.Debug|x86.ActiveCfg = Debug|Any CPU
		{B393E2E1-3916-4AD5-A538-58E9AFFA61DD}.Debug|x86.Build.0 = Debug|Any CPU
		{B393E2E1-3916-4AD5-A538-58E9AFFA61DD}.Release|Any CPU.ActiveCfg = Release|Any CPU
		{B393E2E1-3916-4AD5-A538-58E9AFFA61DD}.Release|Any CPU.Build.0 = Release|Any CPU
		{B393E2E1-3916-4AD5-A538-58E9AFFA61DD}.Release|x64.ActiveCfg = Release|Any CPU
		{B393E2E1-3916-4AD5-A538-58E9AFFA61DD}.Release|x64.Build.0 = Release|Any CPU
		{B393E2E1-3916-4AD5-A538-58E9AFFA61DD}.Release|x86.ActiveCfg = Release|Any CPU
		{B393E2E1-3916-4AD5-A538-58E9AFFA61DD}.Release|x86.Build.0 = Release|Any CPU
		{A6B6F22B-3F9A-4D57-BD55-4C00D1F03E1A}.Debug|Any CPU.ActiveCfg = Debug|Any CPU
		{A6B6F22B-3F9A-4D57-BD55-4C00D1F03E1A}.Debug|Any CPU.Build.0 = Debug|Any CPU
		{A6B6F22B-3F9A-4D57-BD55-4C00D1F03E1A}.Debug|x64.ActiveCfg = Debug|Any CPU
		{A6B6F22B-3F9A-4D57-BD55-4C00D1F03E1A}.Debug|x64.Build.0 = Debug|Any CPU
		{A6B6F22B-3F9A-4D57-BD55-4C00D1F03E1A}.Debug|x86.ActiveCfg = Debug|Any CPU
		{A6B6F22B-3F9A-4D57-BD55-4C00D1F03E1A}.Debug|x86.Build.0 = Debug|Any CPU
		{A6B6F22B-3F9A-4D57-BD55-4C00D1F03E1A}.Release|Any CPU.ActiveCfg = Release|Any CPU
		{A6B6F22B-3F9A-4D57-BD55-4C00D1F03E1A}.Release|Any CPU.Build.0 = Release|Any CPU
		{A6B6F22B-3F9A-4D57-BD55-4C00D1F03E1A}.Release|x64.ActiveCfg = Release|Any CPU
		{A6B6F22B-3F9A-4D57-BD55-4C00D1F03E1A}.Release|x64.Build.0 = Release|Any CPU
		{A6B6F22B-3F9A-4D57-BD55-4C00D1F03E1A}.Release|x86.ActiveCfg = Release|Any CPU
		{A6B6F22B-3F9A-4D57-BD55-4C00D1F03E1A}.Release|x86.Build.0 = Release|Any CPU
	EndGlobalSection
	GlobalSection(SolutionProperties) = preSolution
		HideSolutionNode = FALSE
	EndGlobalSection
EndGlobal
